
Microsoft Visual Studio Solution File, Format Version 12.00
# Visual Studio 15
VisualStudioVersion = 15.0.28307.757
MinimumVisualStudioVersion = 10.0.40219.1
Project("{9A19103F-16F7-4668-BE54-9A1E7A4F7556}") = "FundApp", "FundApp\FundApp.csproj", "{016ADA3F-C1A3-4736-8FE8-1291BE671896}"
EndProject
Project("{FAE04EC0-301F-11D3-BF4B-00C04F79EFBC}") = "Service", "Service\Service.csproj", "{9CD2D7EB-B04F-4497-99FE-2E0723BEEB8B}"
EndProject
Global
	GlobalSection(SolutionConfigurationPlatforms) = preSolution
		Debug|Any CPU = Debug|Any CPU
		Release|Any CPU = Release|Any CPU
	EndGlobalSection
	GlobalSection(ProjectConfigurationPlatforms) = postSolution
		{016ADA3F-C1A3-4736-8FE8-1291BE671896}.Debug|Any CPU.ActiveCfg = Debug|Any CPU
		{016ADA3F-C1A3-4736-8FE8-1291BE671896}.Debug|Any CPU.Build.0 = Debug|Any CPU
		{016ADA3F-C1A3-4736-8FE8-1291BE671896}.Release|Any CPU.ActiveCfg = Release|Any CPU
		{016ADA3F-C1A3-4736-8FE8-1291BE671896}.Release|Any CPU.Build.0 = Release|Any CPU
		{9CD2D7EB-B04F-4497-99FE-2E0723BEEB8B}.Debug|Any CPU.ActiveCfg = Debug|Any CPU
		{9CD2D7EB-B04F-4497-99FE-2E0723BEEB8B}.Debug|Any CPU.Build.0 = Debug|Any CPU
		{9CD2D7EB-B04F-4497-99FE-2E0723BEEB8B}.Release|Any CPU.ActiveCfg = Release|Any CPU
		{9CD2D7EB-B04F-4497-99FE-2E0723BEEB8B}.Release|Any CPU.Build.0 = Release|Any CPU
	EndGlobalSection
	GlobalSection(SolutionProperties) = preSolution
		HideSolutionNode = FALSE
	EndGlobalSection
	GlobalSection(ExtensibilityGlobals) = postSolution
		SolutionGuid = {B85069B6-C04A-41A3-BE39-6C3141DDD725}
	EndGlobalSection
EndGlobal
